
Microsoft Visual Studio Solution File, Format Version 12.00
# Visual Studio Version 17
VisualStudioVersion = 17.0.31903.59
MinimumVisualStudioVersion = 10.0.40219.1
Project("{2150E333-8FDC-42A3-9474-1A3956D46DE8}") = "src", "src", "{C5BFE1F4-3D36-4D8C-9B7C-5D6738DB6E0F}"
EndProject
Project("{F2A71F9B-5D33-465A-A702-920D77279786}") = "prerelease-test-module", "src\prerelease-test-module\prerelease-test-module.fsproj", "{52893116-614F-4528-9471-B7681E14691C}"
EndProject
Project("{F2A71F9B-5D33-465A-A702-920D77279786}") = "wrap-dus-or-not", "src\wrap-dus-or-not\wrap-dus-or-not.fsproj", "{03EDA563-ECB6-433A-9E60-663F5DB5DFDE}"
EndProject
Project("{F2A71F9B-5D33-465A-A702-920D77279786}") = "async-render", "src\async-render\async-render.fsproj", "{B5827A4C-2FF2-4847-8771-4CE6E41DEA4D}"
EndProject
Project("{F2A71F9B-5D33-465A-A702-920D77279786}") = "fast-search", "src\fast-search\fast-search.fsproj", "{03DDC027-1A79-4A1A-A2E6-5B92FD0D93A1}"
EndProject
Global
	GlobalSection(SolutionConfigurationPlatforms) = preSolution
		Debug|Any CPU = Debug|Any CPU
		Release|Any CPU = Release|Any CPU
	EndGlobalSection
	GlobalSection(SolutionProperties) = preSolution
		HideSolutionNode = FALSE
	EndGlobalSection
	GlobalSection(ProjectConfigurationPlatforms) = postSolution
		{52893116-614F-4528-9471-B7681E14691C}.Debug|Any CPU.ActiveCfg = Debug|Any CPU
		{52893116-614F-4528-9471-B7681E14691C}.Debug|Any CPU.Build.0 = Debug|Any CPU
		{52893116-614F-4528-9471-B7681E14691C}.Release|Any CPU.ActiveCfg = Release|Any CPU
		{52893116-614F-4528-9471-B7681E14691C}.Release|Any CPU.Build.0 = Release|Any CPU
		{03EDA563-ECB6-433A-9E60-663F5DB5DFDE}.Debug|Any CPU.ActiveCfg = Debug|Any CPU
		{03EDA563-ECB6-433A-9E60-663F5DB5DFDE}.Debug|Any CPU.Build.0 = Debug|Any CPU
		{03EDA563-ECB6-433A-9E60-663F5DB5DFDE}.Release|Any CPU.ActiveCfg = Release|Any CPU
		{03EDA563-ECB6-433A-9E60-663F5DB5DFDE}.Release|Any CPU.Build.0 = Release|Any CPU
		{B5827A4C-2FF2-4847-8771-4CE6E41DEA4D}.Debug|Any CPU.ActiveCfg = Debug|Any CPU
		{B5827A4C-2FF2-4847-8771-4CE6E41DEA4D}.Debug|Any CPU.Build.0 = Debug|Any CPU
		{B5827A4C-2FF2-4847-8771-4CE6E41DEA4D}.Release|Any CPU.ActiveCfg = Release|Any CPU
		{B5827A4C-2FF2-4847-8771-4CE6E41DEA4D}.Release|Any CPU.Build.0 = Release|Any CPU
		{03DDC027-1A79-4A1A-A2E6-5B92FD0D93A1}.Debug|Any CPU.ActiveCfg = Debug|Any CPU
		{03DDC027-1A79-4A1A-A2E6-5B92FD0D93A1}.Debug|Any CPU.Build.0 = Debug|Any CPU
		{03DDC027-1A79-4A1A-A2E6-5B92FD0D93A1}.Release|Any CPU.ActiveCfg = Release|Any CPU
		{03DDC027-1A79-4A1A-A2E6-5B92FD0D93A1}.Release|Any CPU.Build.0 = Release|Any CPU
	EndGlobalSection
	GlobalSection(NestedProjects) = preSolution
		{52893116-614F-4528-9471-B7681E14691C} = {C5BFE1F4-3D36-4D8C-9B7C-5D6738DB6E0F}
		{03EDA563-ECB6-433A-9E60-663F5DB5DFDE} = {C5BFE1F4-3D36-4D8C-9B7C-5D6738DB6E0F}
		{B5827A4C-2FF2-4847-8771-4CE6E41DEA4D} = {C5BFE1F4-3D36-4D8C-9B7C-5D6738DB6E0F}
		{03DDC027-1A79-4A1A-A2E6-5B92FD0D93A1} = {C5BFE1F4-3D36-4D8C-9B7C-5D6738DB6E0F}
	EndGlobalSection
EndGlobal
